{
  "name": "TP3",
  "lockfileVersion": 3,
  "requires": true,
  "packages": {
    "": {
      "dependencies": {
        "sweetalert2": "^11.7.16"
      }
    },
    "node_modules/sweetalert2": {
      "version": "11.7.16",
      "resolved": "https://registry.npmjs.org/sweetalert2/-/sweetalert2-11.7.16.tgz",
      "integrity": "sha512-vxqVcA358RWdK/XOG1gFtOzT7qBH186Ry4gnW0Xtrx7vIo1mpnR8hG8MxQms4gz3JPbYQ6UIgZn0+hTK7in3Jw==",
      "funding": {
        "type": "individual",
        "url": "https://github.com/sponsors/limonte"
      }
    }
  }
}
